
Microsoft Visual Studio Solution File, Format Version 12.00
# Visual Studio Version 16
VisualStudioVersion = 16.0.31205.134
MinimumVisualStudioVersion = 10.0.40219.1
Project("{8BC9CEB8-8B4A-11D0-8D11-00A0C91BC942}") = "directshow_baseclasses", "directshow_baseclasses\directshow_baseclasses.vcxproj", "{FBC2D6CB-389E-4316-A41F-38B098E27AE1}"
EndProject
Project("{8BC9CEB8-8B4A-11D0-8D11-00A0C91BC942}") = "directshow_metadata_injector_filter", "directshow_metadata_injector_filter\directshow_metadata_injector_filter.vcxproj", "{21AF9EBA-CE9A-41D0-BB0B-48FFD1236E76}"
EndProject
Global
	GlobalSection(SolutionConfigurationPlatforms) = preSolution
		Debug|x64 = Debug|x64
		Debug|x86 = Debug|x86
		Release|x64 = Release|x64
		Release|x86 = Release|x86
	EndGlobalSection
	GlobalSection(ProjectConfigurationPlatforms) = postSolution
		{FBC2D6CB-389E-4316-A41F-38B098E27AE1}.Debug|x64.ActiveCfg = Debug|x64
		{FBC2D6CB-389E-4316-A41F-38B098E27AE1}.Debug|x64.Build.0 = Debug|x64
		{FBC2D6CB-389E-4316-A41F-38B098E27AE1}.Debug|x86.ActiveCfg = Debug|Win32
		{FBC2D6CB-389E-4316-A41F-38B098E27AE1}.Debug|x86.Build.0 = Debug|Win32
		{FBC2D6CB-389E-4316-A41F-38B098E27AE1}.Release|x64.ActiveCfg = Release|x64
		{FBC2D6CB-389E-4316-A41F-38B098E27AE1}.Release|x64.Build.0 = Release|x64
		{FBC2D6CB-389E-4316-A41F-38B098E27AE1}.Release|x86.ActiveCfg = Release|Win32
		{FBC2D6CB-389E-4316-A41F-38B098E27AE1}.Release|x86.Build.0 = Release|Win32
		{21AF9EBA-CE9A-41D0-BB0B-48FFD1236E76}.Debug|x64.ActiveCfg = Debug|x64
		{21AF9EBA-CE9A-41D0-BB0B-48FFD1236E76}.Debug|x64.Build.0 = Debug|x64
		{21AF9EBA-CE9A-41D0-BB0B-48FFD1236E76}.Debug|x86.ActiveCfg = Debug|Win32
		{21AF9EBA-CE9A-41D0-BB0B-48FFD1236E76}.Debug|x86.Build.0 = Debug|Win32
		{21AF9EBA-CE9A-41D0-BB0B-48FFD1236E76}.Release|x64.ActiveCfg = Release|x64
		{21AF9EBA-CE9A-41D0-BB0B-48FFD1236E76}.Release|x64.Build.0 = Release|x64
		{21AF9EBA-CE9A-41D0-BB0B-48FFD1236E76}.Release|x86.ActiveCfg = Release|Win32
		{21AF9EBA-CE9A-41D0-BB0B-48FFD1236E76}.Release|x86.Build.0 = Release|Win32
	EndGlobalSection
	GlobalSection(SolutionProperties) = preSolution
		HideSolutionNode = FALSE
	EndGlobalSection
	GlobalSection(ExtensibilityGlobals) = postSolution
		SolutionGuid = {8807A708-B083-4A1C-9BB5-3D97AA71743E}
	EndGlobalSection
EndGlobal
